
Microsoft Visual Studio Solution File, Format Version 12.00
# Visual Studio Version 16
VisualStudioVersion = 16.0.31624.102
MinimumVisualStudioVersion = 10.0.40219.1
Project("{FAE04EC0-301F-11D3-BF4B-00C04F79EFBC}") = "homework", "homework\homework.csproj", "{814C6E09-DD75-4AAC-B652-6581201B239D}"
EndProject
Global
	GlobalSection(SolutionConfigurationPlatforms) = preSolution
		Debug|Any CPU = Debug|Any CPU
		Release|Any CPU = Release|Any CPU
	EndGlobalSection
	GlobalSection(ProjectConfigurationPlatforms) = postSolution
		{814C6E09-DD75-4AAC-B652-6581201B239D}.Debug|Any CPU.ActiveCfg = Debug|Any CPU
		{814C6E09-DD75-4AAC-B652-6581201B239D}.Debug|Any CPU.Build.0 = Debug|Any CPU
		{814C6E09-DD75-4AAC-B652-6581201B239D}.Release|Any CPU.ActiveCfg = Release|Any CPU
		{814C6E09-DD75-4AAC-B652-6581201B239D}.Release|Any CPU.Build.0 = Release|Any CPU
	EndGlobalSection
	GlobalSection(SolutionProperties) = preSolution
		HideSolutionNode = FALSE
	EndGlobalSection
	GlobalSection(ExtensibilityGlobals) = postSolution
		SolutionGuid = {3A55F067-B01E-48D0-BAB6-F55925D5AD96}
	EndGlobalSection
EndGlobal
